
Microsoft Visual Studio Solution File, Format Version 12.00
# Visual Studio 15
VisualStudioVersion = 15.0.28307.271
MinimumVisualStudioVersion = 10.0.40219.1
Project("{FAE04EC0-301F-11D3-BF4B-00C04F79EFBC}") = "ProyectoAnalisis", "ProyectoAnalisis\ProyectoAnalisis.csproj", "{EC645FEF-6BC9-47D2-ACFE-60A85C981625}"
EndProject
Project("{FAE04EC0-301F-11D3-BF4B-00C04F79EFBC}") = "ProyectoAnalisis.Tests", "ProyectoAnalisis.Tests\ProyectoAnalisis.Tests.csproj", "{4D50D1B8-B549-43EE-9373-643D23EDB46D}"
EndProject
Project("{FAE04EC0-301F-11D3-BF4B-00C04F79EFBC}") = "BLL", "BLL\BLL.csproj", "{0A25FFE8-BF9D-40D5-A97E-40DC5002A40C}"
EndProject
Project("{FAE04EC0-301F-11D3-BF4B-00C04F79EFBC}") = "DAL", "DAL\DAL.csproj", "{39448D9F-078A-4097-AC9F-BA27B8EC49CF}"
EndProject
Project("{FAE04EC0-301F-11D3-BF4B-00C04F79EFBC}") = "Entidades", "Entidades\Entidades.csproj", "{D7AABE56-613A-4305-A50A-08A2B1279B99}"
EndProject
Global
	GlobalSection(SolutionConfigurationPlatforms) = preSolution
		Debug|Any CPU = Debug|Any CPU
		Release|Any CPU = Release|Any CPU
	EndGlobalSection
	GlobalSection(ProjectConfigurationPlatforms) = postSolution
		{EC645FEF-6BC9-47D2-ACFE-60A85C981625}.Debug|Any CPU.ActiveCfg = Debug|Any CPU
		{EC645FEF-6BC9-47D2-ACFE-60A85C981625}.Debug|Any CPU.Build.0 = Debug|Any CPU
		{EC645FEF-6BC9-47D2-ACFE-60A85C981625}.Release|Any CPU.ActiveCfg = Release|Any CPU
		{EC645FEF-6BC9-47D2-ACFE-60A85C981625}.Release|Any CPU.Build.0 = Release|Any CPU
		{4D50D1B8-B549-43EE-9373-643D23EDB46D}.Debug|Any CPU.ActiveCfg = Debug|Any CPU
		{4D50D1B8-B549-43EE-9373-643D23EDB46D}.Debug|Any CPU.Build.0 = Debug|Any CPU
		{4D50D1B8-B549-43EE-9373-643D23EDB46D}.Release|Any CPU.ActiveCfg = Release|Any CPU
		{4D50D1B8-B549-43EE-9373-643D23EDB46D}.Release|Any CPU.Build.0 = Release|Any CPU
		{0A25FFE8-BF9D-40D5-A97E-40DC5002A40C}.Debug|Any CPU.ActiveCfg = Debug|Any CPU
		{0A25FFE8-BF9D-40D5-A97E-40DC5002A40C}.Debug|Any CPU.Build.0 = Debug|Any CPU
		{0A25FFE8-BF9D-40D5-A97E-40DC5002A40C}.Release|Any CPU.ActiveCfg = Release|Any CPU
		{0A25FFE8-BF9D-40D5-A97E-40DC5002A40C}.Release|Any CPU.Build.0 = Release|Any CPU
		{39448D9F-078A-4097-AC9F-BA27B8EC49CF}.Debug|Any CPU.ActiveCfg = Debug|Any CPU
		{39448D9F-078A-4097-AC9F-BA27B8EC49CF}.Debug|Any CPU.Build.0 = Debug|Any CPU
		{39448D9F-078A-4097-AC9F-BA27B8EC49CF}.Release|Any CPU.ActiveCfg = Release|Any CPU
		{39448D9F-078A-4097-AC9F-BA27B8EC49CF}.Release|Any CPU.Build.0 = Release|Any CPU
		{D7AABE56-613A-4305-A50A-08A2B1279B99}.Debug|Any CPU.ActiveCfg = Debug|Any CPU
		{D7AABE56-613A-4305-A50A-08A2B1279B99}.Debug|Any CPU.Build.0 = Debug|Any CPU
		{D7AABE56-613A-4305-A50A-08A2B1279B99}.Release|Any CPU.ActiveCfg = Release|Any CPU
		{D7AABE56-613A-4305-A50A-08A2B1279B99}.Release|Any CPU.Build.0 = Release|Any CPU
	EndGlobalSection
	GlobalSection(SolutionProperties) = preSolution
		HideSolutionNode = FALSE
	EndGlobalSection
	GlobalSection(ExtensibilityGlobals) = postSolution
		SolutionGuid = {CC0BC6FF-0D89-49FD-91E3-5E64EC3A11AE}
	EndGlobalSection
EndGlobal
